
Microsoft Visual Studio Solution File, Format Version 12.00
# Visual Studio Version 17
VisualStudioVersion = 17.3.32929.385
MinimumVisualStudioVersion = 10.0.40219.1
Project("{FAE04EC0-301F-11D3-BF4B-00C04F79EFBC}") = "efzLagerEFDbFirst", "efzLagerEFDbFirst\efzLagerEFDbFirst.csproj", "{BC60DBF2-50FB-400D-B7EE-75B6C233C79F}"
EndProject
Global
	GlobalSection(SolutionConfigurationPlatforms) = preSolution
		Debug|Any CPU = Debug|Any CPU
		Release|Any CPU = Release|Any CPU
	EndGlobalSection
	GlobalSection(ProjectConfigurationPlatforms) = postSolution
		{BC60DBF2-50FB-400D-B7EE-75B6C233C79F}.Debug|Any CPU.ActiveCfg = Debug|Any CPU
		{BC60DBF2-50FB-400D-B7EE-75B6C233C79F}.Debug|Any CPU.Build.0 = Debug|Any CPU
		{BC60DBF2-50FB-400D-B7EE-75B6C233C79F}.Release|Any CPU.ActiveCfg = Release|Any CPU
		{BC60DBF2-50FB-400D-B7EE-75B6C233C79F}.Release|Any CPU.Build.0 = Release|Any CPU
	EndGlobalSection
	GlobalSection(SolutionProperties) = preSolution
		HideSolutionNode = FALSE
	EndGlobalSection
	GlobalSection(ExtensibilityGlobals) = postSolution
		SolutionGuid = {57FB26DB-4EA9-4E30-8D5F-F2C1D7E928BB}
	EndGlobalSection
EndGlobal
